
Microsoft Visual Studio Solution File, Format Version 12.00
# Visual Studio Version 17
VisualStudioVersion = 17.6.33815.320
MinimumVisualStudioVersion = 10.0.40219.1
Project("{FAE04EC0-301F-11D3-BF4B-00C04F79EFBC}") = "6-Esercitazione Tablett", "6-Esercitazione Tablett\6-Esercitazione Tablett.csproj", "{CCA1EBF2-79E6-442B-BB9F-8C812A23B15F}"
EndProject
Global
	GlobalSection(SolutionConfigurationPlatforms) = preSolution
		Debug|Any CPU = Debug|Any CPU
		Release|Any CPU = Release|Any CPU
	EndGlobalSection
	GlobalSection(ProjectConfigurationPlatforms) = postSolution
		{CCA1EBF2-79E6-442B-BB9F-8C812A23B15F}.Debug|Any CPU.ActiveCfg = Debug|Any CPU
		{CCA1EBF2-79E6-442B-BB9F-8C812A23B15F}.Debug|Any CPU.Build.0 = Debug|Any CPU
		{CCA1EBF2-79E6-442B-BB9F-8C812A23B15F}.Release|Any CPU.ActiveCfg = Release|Any CPU
		{CCA1EBF2-79E6-442B-BB9F-8C812A23B15F}.Release|Any CPU.Build.0 = Release|Any CPU
	EndGlobalSection
	GlobalSection(SolutionProperties) = preSolution
		HideSolutionNode = FALSE
	EndGlobalSection
	GlobalSection(ExtensibilityGlobals) = postSolution
		SolutionGuid = {F867F561-2B40-4780-98C8-A0D8D3AED632}
	EndGlobalSection
EndGlobal
